
Microsoft Visual Studio Solution File, Format Version 12.00
# Visual Studio Version 16
VisualStudioVersion = 16.0.31205.134
MinimumVisualStudioVersion = 10.0.40219.1
Project("{9A19103F-16F7-4668-BE54-9A1E7A4F7556}") = "Entitiy", "Entitiy\Entitiy.csproj", "{CA21A412-E628-467C-AE62-FB56FFA8DCF4}"
EndProject
Project("{9A19103F-16F7-4668-BE54-9A1E7A4F7556}") = "DataAccess", "DataAccess\DataAccess.csproj", "{80E53343-654A-49B8-80F9-8E0859C7AD78}"
EndProject
Project("{9A19103F-16F7-4668-BE54-9A1E7A4F7556}") = "ConsolUI", "ConsolUI\ConsolUI.csproj", "{D275E68A-BCC5-4321-BCE5-1C298C43B21D}"
EndProject
Project("{9A19103F-16F7-4668-BE54-9A1E7A4F7556}") = "Business", "Business\Business.csproj", "{F6A2668B-4064-42A9-9599-5CDA13688440}"
EndProject
Project("{9A19103F-16F7-4668-BE54-9A1E7A4F7556}") = "Core", "Core\Core.csproj", "{B2F13A30-066B-4FBC-852C-D1B07898D656}"
EndProject
Project("{FAE04EC0-301F-11D3-BF4B-00C04F79EFBC}") = "WebAPI", "WebAPI\WebAPI.csproj", "{BC1DE74F-D35D-49A1-A2A6-8DB81220FCA2}"
EndProject
Global
	GlobalSection(SolutionConfigurationPlatforms) = preSolution
		Debug|Any CPU = Debug|Any CPU
		Release|Any CPU = Release|Any CPU
	EndGlobalSection
	GlobalSection(ProjectConfigurationPlatforms) = postSolution
		{CA21A412-E628-467C-AE62-FB56FFA8DCF4}.Debug|Any CPU.ActiveCfg = Debug|Any CPU
		{CA21A412-E628-467C-AE62-FB56FFA8DCF4}.Debug|Any CPU.Build.0 = Debug|Any CPU
		{CA21A412-E628-467C-AE62-FB56FFA8DCF4}.Release|Any CPU.ActiveCfg = Release|Any CPU
		{CA21A412-E628-467C-AE62-FB56FFA8DCF4}.Release|Any CPU.Build.0 = Release|Any CPU
		{80E53343-654A-49B8-80F9-8E0859C7AD78}.Debug|Any CPU.ActiveCfg = Debug|Any CPU
		{80E53343-654A-49B8-80F9-8E0859C7AD78}.Debug|Any CPU.Build.0 = Debug|Any CPU
		{80E53343-654A-49B8-80F9-8E0859C7AD78}.Release|Any CPU.ActiveCfg = Release|Any CPU
		{80E53343-654A-49B8-80F9-8E0859C7AD78}.Release|Any CPU.Build.0 = Release|Any CPU
		{D275E68A-BCC5-4321-BCE5-1C298C43B21D}.Debug|Any CPU.ActiveCfg = Debug|Any CPU
		{D275E68A-BCC5-4321-BCE5-1C298C43B21D}.Debug|Any CPU.Build.0 = Debug|Any CPU
		{D275E68A-BCC5-4321-BCE5-1C298C43B21D}.Release|Any CPU.ActiveCfg = Release|Any CPU
		{D275E68A-BCC5-4321-BCE5-1C298C43B21D}.Release|Any CPU.Build.0 = Release|Any CPU
		{F6A2668B-4064-42A9-9599-5CDA13688440}.Debug|Any CPU.ActiveCfg = Debug|Any CPU
		{F6A2668B-4064-42A9-9599-5CDA13688440}.Debug|Any CPU.Build.0 = Debug|Any CPU
		{F6A2668B-4064-42A9-9599-5CDA13688440}.Release|Any CPU.ActiveCfg = Release|Any CPU
		{F6A2668B-4064-42A9-9599-5CDA13688440}.Release|Any CPU.Build.0 = Release|Any CPU
		{B2F13A30-066B-4FBC-852C-D1B07898D656}.Debug|Any CPU.ActiveCfg = Debug|Any CPU
		{B2F13A30-066B-4FBC-852C-D1B07898D656}.Debug|Any CPU.Build.0 = Debug|Any CPU
		{B2F13A30-066B-4FBC-852C-D1B07898D656}.Release|Any CPU.ActiveCfg = Release|Any CPU
		{B2F13A30-066B-4FBC-852C-D1B07898D656}.Release|Any CPU.Build.0 = Release|Any CPU
		{BC1DE74F-D35D-49A1-A2A6-8DB81220FCA2}.Debug|Any CPU.ActiveCfg = Debug|Any CPU
		{BC1DE74F-D35D-49A1-A2A6-8DB81220FCA2}.Debug|Any CPU.Build.0 = Debug|Any CPU
		{BC1DE74F-D35D-49A1-A2A6-8DB81220FCA2}.Release|Any CPU.ActiveCfg = Release|Any CPU
		{BC1DE74F-D35D-49A1-A2A6-8DB81220FCA2}.Release|Any CPU.Build.0 = Release|Any CPU
	EndGlobalSection
	GlobalSection(SolutionProperties) = preSolution
		HideSolutionNode = FALSE
	EndGlobalSection
	GlobalSection(ExtensibilityGlobals) = postSolution
		SolutionGuid = {D486C128-30D7-4B52-B38F-D46A79F552A9}
	EndGlobalSection
EndGlobal
